{
    "_meta": {
        "hash": {
            "sha256": "80471eb386fc3598b18e957a3b5eec0b9c283163992c0eab1a9e56005a5a1722"
        },
        "pipfile-spec": 6,
        "requires": {
            "python_version": "3.9"
        },
        "sources": [
            {
                "name": "pypi",
                "url": "https://pypi.org/simple",
                "verify_ssl": true
            }
        ]
    },
    "default": {},
    "develop": {}
}
